
Microsoft Visual Studio Solution File, Format Version 12.00
# Visual Studio 15
VisualStudioVersion = 15.0.28010.2003
MinimumVisualStudioVersion = 10.0.40219.1
Project("{FAE04EC0-301F-11D3-BF4B-00C04F79EFBC}") = "NamnAppUI", "NamnAppUI\NamnAppUI.csproj", "{79BE29E5-7943-44BB-B7D3-A7A072240829}"
EndProject
Project("{FAE04EC0-301F-11D3-BF4B-00C04F79EFBC}") = "Data", "Data\Data.csproj", "{B4221819-C734-473F-B4F8-44703407080C}"
EndProject
Global
	GlobalSection(SolutionConfigurationPlatforms) = preSolution
		Debug|Any CPU = Debug|Any CPU
		Release|Any CPU = Release|Any CPU
	EndGlobalSection
	GlobalSection(ProjectConfigurationPlatforms) = postSolution
		{79BE29E5-7943-44BB-B7D3-A7A072240829}.Debug|Any CPU.ActiveCfg = Debug|Any CPU
		{79BE29E5-7943-44BB-B7D3-A7A072240829}.Debug|Any CPU.Build.0 = Debug|Any CPU
		{79BE29E5-7943-44BB-B7D3-A7A072240829}.Release|Any CPU.ActiveCfg = Release|Any CPU
		{79BE29E5-7943-44BB-B7D3-A7A072240829}.Release|Any CPU.Build.0 = Release|Any CPU
		{B4221819-C734-473F-B4F8-44703407080C}.Debug|Any CPU.ActiveCfg = Debug|Any CPU
		{B4221819-C734-473F-B4F8-44703407080C}.Debug|Any CPU.Build.0 = Debug|Any CPU
		{B4221819-C734-473F-B4F8-44703407080C}.Release|Any CPU.ActiveCfg = Release|Any CPU
		{B4221819-C734-473F-B4F8-44703407080C}.Release|Any CPU.Build.0 = Release|Any CPU
	EndGlobalSection
	GlobalSection(SolutionProperties) = preSolution
		HideSolutionNode = FALSE
	EndGlobalSection
	GlobalSection(ExtensibilityGlobals) = postSolution
		SolutionGuid = {E90F517B-1AAB-4D08-8BBB-3FB219CDCB70}
	EndGlobalSection
EndGlobal
